
Microsoft Visual Studio Solution File, Format Version 12.00
# Visual Studio 15
VisualStudioVersion = 15.0.26730.16
MinimumVisualStudioVersion = 10.0.40219.1
Project("{FAE04EC0-301F-11D3-BF4B-00C04F79EFBC}") = "DvdLibrary.Data", "DvdLibrary.Data\DvdLibrary.Data.csproj", "{FFBD921A-B747-4C1C-9954-D74FE0D6008B}"
EndProject
Project("{FAE04EC0-301F-11D3-BF4B-00C04F79EFBC}") = "DvdLibrary.Model", "DvdLibrary.Model\DvdLibrary.Model.csproj", "{BC849BC3-E0DC-421E-BB7D-0FC92071D543}"
EndProject
Project("{FAE04EC0-301F-11D3-BF4B-00C04F79EFBC}") = "DvdLibrary.Test", "DvdLibrary.Test\DvdLibrary.Test.csproj", "{F9737BCE-E8C9-4AEF-B781-B5EC886C41BC}"
EndProject
Project("{FAE04EC0-301F-11D3-BF4B-00C04F79EFBC}") = "DvdLibrary", "DvdLibrary.csproj", "{FDF23500-0587-4A7F-8F71-4288B7B159C3}"
EndProject
Global
	GlobalSection(SolutionConfigurationPlatforms) = preSolution
		Debug|Any CPU = Debug|Any CPU
		Release|Any CPU = Release|Any CPU
	EndGlobalSection
	GlobalSection(ProjectConfigurationPlatforms) = postSolution
		{FFBD921A-B747-4C1C-9954-D74FE0D6008B}.Debug|Any CPU.ActiveCfg = Debug|Any CPU
		{FFBD921A-B747-4C1C-9954-D74FE0D6008B}.Debug|Any CPU.Build.0 = Debug|Any CPU
		{FFBD921A-B747-4C1C-9954-D74FE0D6008B}.Release|Any CPU.ActiveCfg = Release|Any CPU
		{FFBD921A-B747-4C1C-9954-D74FE0D6008B}.Release|Any CPU.Build.0 = Release|Any CPU
		{BC849BC3-E0DC-421E-BB7D-0FC92071D543}.Debug|Any CPU.ActiveCfg = Debug|Any CPU
		{BC849BC3-E0DC-421E-BB7D-0FC92071D543}.Debug|Any CPU.Build.0 = Debug|Any CPU
		{BC849BC3-E0DC-421E-BB7D-0FC92071D543}.Release|Any CPU.ActiveCfg = Release|Any CPU
		{BC849BC3-E0DC-421E-BB7D-0FC92071D543}.Release|Any CPU.Build.0 = Release|Any CPU
		{F9737BCE-E8C9-4AEF-B781-B5EC886C41BC}.Debug|Any CPU.ActiveCfg = Debug|Any CPU
		{F9737BCE-E8C9-4AEF-B781-B5EC886C41BC}.Debug|Any CPU.Build.0 = Debug|Any CPU
		{F9737BCE-E8C9-4AEF-B781-B5EC886C41BC}.Release|Any CPU.ActiveCfg = Release|Any CPU
		{F9737BCE-E8C9-4AEF-B781-B5EC886C41BC}.Release|Any CPU.Build.0 = Release|Any CPU
		{FDF23500-0587-4A7F-8F71-4288B7B159C3}.Debug|Any CPU.ActiveCfg = Debug|Any CPU
		{FDF23500-0587-4A7F-8F71-4288B7B159C3}.Debug|Any CPU.Build.0 = Debug|Any CPU
		{FDF23500-0587-4A7F-8F71-4288B7B159C3}.Release|Any CPU.ActiveCfg = Release|Any CPU
		{FDF23500-0587-4A7F-8F71-4288B7B159C3}.Release|Any CPU.Build.0 = Release|Any CPU
	EndGlobalSection
	GlobalSection(SolutionProperties) = preSolution
		HideSolutionNode = FALSE
	EndGlobalSection
	GlobalSection(ExtensibilityGlobals) = postSolution
		SolutionGuid = {1673A882-8FFA-47C8-A8ED-8B35DDB06DB7}
	EndGlobalSection
EndGlobal
