
Microsoft Visual Studio Solution File, Format Version 12.00
# Visual Studio 15
VisualStudioVersion = 15.0.27130.2010
MinimumVisualStudioVersion = 10.0.40219.1
Project("{FAE04EC0-301F-11D3-BF4B-00C04F79EFBC}") = "PriceConfig", "PriceConfig\PriceConfig.csproj", "{B444696A-8291-4216-AE1A-C59EFD4B6BA4}"
EndProject
Project("{FAE04EC0-301F-11D3-BF4B-00C04F79EFBC}") = "Data", "Data\Data.csproj", "{EDB028B4-C665-461D-AD77-A119BE617AD3}"
EndProject
Global
	GlobalSection(SolutionConfigurationPlatforms) = preSolution
		Debug|Any CPU = Debug|Any CPU
		Release|Any CPU = Release|Any CPU
	EndGlobalSection
	GlobalSection(ProjectConfigurationPlatforms) = postSolution
		{B444696A-8291-4216-AE1A-C59EFD4B6BA4}.Debug|Any CPU.ActiveCfg = Debug|Any CPU
		{B444696A-8291-4216-AE1A-C59EFD4B6BA4}.Debug|Any CPU.Build.0 = Debug|Any CPU
		{B444696A-8291-4216-AE1A-C59EFD4B6BA4}.Release|Any CPU.ActiveCfg = Release|Any CPU
		{B444696A-8291-4216-AE1A-C59EFD4B6BA4}.Release|Any CPU.Build.0 = Release|Any CPU
		{EDB028B4-C665-461D-AD77-A119BE617AD3}.Debug|Any CPU.ActiveCfg = Debug|Any CPU
		{EDB028B4-C665-461D-AD77-A119BE617AD3}.Debug|Any CPU.Build.0 = Debug|Any CPU
		{EDB028B4-C665-461D-AD77-A119BE617AD3}.Release|Any CPU.ActiveCfg = Release|Any CPU
		{EDB028B4-C665-461D-AD77-A119BE617AD3}.Release|Any CPU.Build.0 = Release|Any CPU
	EndGlobalSection
	GlobalSection(SolutionProperties) = preSolution
		HideSolutionNode = FALSE
	EndGlobalSection
	GlobalSection(ExtensibilityGlobals) = postSolution
		SolutionGuid = {EE908D57-A49C-4772-904D-BD3711690526}
	EndGlobalSection
EndGlobal
