
Microsoft Visual Studio Solution File, Format Version 12.00
# Visual Studio 15
VisualStudioVersion = 15.0.27130.2010
MinimumVisualStudioVersion = 10.0.40219.1
Project("{FAE04EC0-301F-11D3-BF4B-00C04F79EFBC}") = "BetterGuessingGame", "BetterGuessingGame\BetterGuessingGame.csproj", "{83CE7A6F-95C5-4231-8B57-327434A25214}"
EndProject
Project("{FAE04EC0-301F-11D3-BF4B-00C04F79EFBC}") = "BLL", "BLL\BLL.csproj", "{F93A8A3D-BA21-4615-A6C6-EF7246CB3058}"
EndProject
Project("{FAE04EC0-301F-11D3-BF4B-00C04F79EFBC}") = "Tests", "Tests\Tests.csproj", "{163E093B-86EE-449E-8A53-BD9EBD9E3361}"
EndProject
Global
	GlobalSection(SolutionConfigurationPlatforms) = preSolution
		Debug|Any CPU = Debug|Any CPU
		Release|Any CPU = Release|Any CPU
	EndGlobalSection
	GlobalSection(ProjectConfigurationPlatforms) = postSolution
		{83CE7A6F-95C5-4231-8B57-327434A25214}.Debug|Any CPU.ActiveCfg = Debug|Any CPU
		{83CE7A6F-95C5-4231-8B57-327434A25214}.Debug|Any CPU.Build.0 = Debug|Any CPU
		{83CE7A6F-95C5-4231-8B57-327434A25214}.Release|Any CPU.ActiveCfg = Release|Any CPU
		{83CE7A6F-95C5-4231-8B57-327434A25214}.Release|Any CPU.Build.0 = Release|Any CPU
		{F93A8A3D-BA21-4615-A6C6-EF7246CB3058}.Debug|Any CPU.ActiveCfg = Debug|Any CPU
		{F93A8A3D-BA21-4615-A6C6-EF7246CB3058}.Debug|Any CPU.Build.0 = Debug|Any CPU
		{F93A8A3D-BA21-4615-A6C6-EF7246CB3058}.Release|Any CPU.ActiveCfg = Release|Any CPU
		{F93A8A3D-BA21-4615-A6C6-EF7246CB3058}.Release|Any CPU.Build.0 = Release|Any CPU
		{163E093B-86EE-449E-8A53-BD9EBD9E3361}.Debug|Any CPU.ActiveCfg = Debug|Any CPU
		{163E093B-86EE-449E-8A53-BD9EBD9E3361}.Debug|Any CPU.Build.0 = Debug|Any CPU
		{163E093B-86EE-449E-8A53-BD9EBD9E3361}.Release|Any CPU.ActiveCfg = Release|Any CPU
		{163E093B-86EE-449E-8A53-BD9EBD9E3361}.Release|Any CPU.Build.0 = Release|Any CPU
	EndGlobalSection
	GlobalSection(SolutionProperties) = preSolution
		HideSolutionNode = FALSE
	EndGlobalSection
	GlobalSection(ExtensibilityGlobals) = postSolution
		SolutionGuid = {46181A82-97D0-4CCF-885F-53C19F475F7F}
	EndGlobalSection
EndGlobal
