
Microsoft Visual Studio Solution File, Format Version 12.00
# Visual Studio 15
VisualStudioVersion = 15.0.27130.2010
MinimumVisualStudioVersion = 10.0.40219.1
Project("{FAE04EC0-301F-11D3-BF4B-00C04F79EFBC}") = "Factorizor", "Factorizor\Factorizor.csproj", "{93CD70B3-A009-48F1-85B4-250DD6536989}"
EndProject
Project("{FAE04EC0-301F-11D3-BF4B-00C04F79EFBC}") = "Factorizor.BLL", "Factorizor.BLL\Factorizor.BLL.csproj", "{886CA230-80F1-4037-9026-380D0C5AD82B}"
EndProject
Project("{FAE04EC0-301F-11D3-BF4B-00C04F79EFBC}") = "Factorizor.Tests", "Factorizor.Tests\Factorizor.Tests.csproj", "{5C9171FE-F4C5-478D-A930-134988A8A8BA}"
EndProject
Global
	GlobalSection(SolutionConfigurationPlatforms) = preSolution
		Debug|Any CPU = Debug|Any CPU
		Release|Any CPU = Release|Any CPU
	EndGlobalSection
	GlobalSection(ProjectConfigurationPlatforms) = postSolution
		{93CD70B3-A009-48F1-85B4-250DD6536989}.Debug|Any CPU.ActiveCfg = Debug|Any CPU
		{93CD70B3-A009-48F1-85B4-250DD6536989}.Debug|Any CPU.Build.0 = Debug|Any CPU
		{93CD70B3-A009-48F1-85B4-250DD6536989}.Release|Any CPU.ActiveCfg = Release|Any CPU
		{93CD70B3-A009-48F1-85B4-250DD6536989}.Release|Any CPU.Build.0 = Release|Any CPU
		{886CA230-80F1-4037-9026-380D0C5AD82B}.Debug|Any CPU.ActiveCfg = Debug|Any CPU
		{886CA230-80F1-4037-9026-380D0C5AD82B}.Debug|Any CPU.Build.0 = Debug|Any CPU
		{886CA230-80F1-4037-9026-380D0C5AD82B}.Release|Any CPU.ActiveCfg = Release|Any CPU
		{886CA230-80F1-4037-9026-380D0C5AD82B}.Release|Any CPU.Build.0 = Release|Any CPU
		{5C9171FE-F4C5-478D-A930-134988A8A8BA}.Debug|Any CPU.ActiveCfg = Debug|Any CPU
		{5C9171FE-F4C5-478D-A930-134988A8A8BA}.Debug|Any CPU.Build.0 = Debug|Any CPU
		{5C9171FE-F4C5-478D-A930-134988A8A8BA}.Release|Any CPU.ActiveCfg = Release|Any CPU
		{5C9171FE-F4C5-478D-A930-134988A8A8BA}.Release|Any CPU.Build.0 = Release|Any CPU
	EndGlobalSection
	GlobalSection(SolutionProperties) = preSolution
		HideSolutionNode = FALSE
	EndGlobalSection
	GlobalSection(ExtensibilityGlobals) = postSolution
		SolutionGuid = {6BDF33C7-641F-4057-A376-233AD9196000}
	EndGlobalSection
EndGlobal
