
Microsoft Visual Studio Solution File, Format Version 12.00
# Visual Studio 15
VisualStudioVersion = 15.0.27130.2010
MinimumVisualStudioVersion = 10.0.40219.1
Project("{FAE04EC0-301F-11D3-BF4B-00C04F79EFBC}") = "PriceConfigurator", "PriceConfigurator\PriceConfigurator.csproj", "{3730BEDD-1D6A-4219-BF49-BB4ECFE39636}"
EndProject
Project("{FAE04EC0-301F-11D3-BF4B-00C04F79EFBC}") = "Data", "Data\Data.csproj", "{F544EFDD-B7C2-49BA-8349-537770A9AE5B}"
EndProject
Project("{FAE04EC0-301F-11D3-BF4B-00C04F79EFBC}") = "PriceConfigurator.Model", "PriceConfigurator.Model\PriceConfigurator.Model.csproj", "{5B278AA1-F70D-44DF-8C38-9680A68E6378}"
EndProject
Global
	GlobalSection(SolutionConfigurationPlatforms) = preSolution
		Debug|Any CPU = Debug|Any CPU
		Release|Any CPU = Release|Any CPU
	EndGlobalSection
	GlobalSection(ProjectConfigurationPlatforms) = postSolution
		{3730BEDD-1D6A-4219-BF49-BB4ECFE39636}.Debug|Any CPU.ActiveCfg = Debug|Any CPU
		{3730BEDD-1D6A-4219-BF49-BB4ECFE39636}.Debug|Any CPU.Build.0 = Debug|Any CPU
		{3730BEDD-1D6A-4219-BF49-BB4ECFE39636}.Release|Any CPU.ActiveCfg = Release|Any CPU
		{3730BEDD-1D6A-4219-BF49-BB4ECFE39636}.Release|Any CPU.Build.0 = Release|Any CPU
		{F544EFDD-B7C2-49BA-8349-537770A9AE5B}.Debug|Any CPU.ActiveCfg = Debug|Any CPU
		{F544EFDD-B7C2-49BA-8349-537770A9AE5B}.Debug|Any CPU.Build.0 = Debug|Any CPU
		{F544EFDD-B7C2-49BA-8349-537770A9AE5B}.Release|Any CPU.ActiveCfg = Release|Any CPU
		{F544EFDD-B7C2-49BA-8349-537770A9AE5B}.Release|Any CPU.Build.0 = Release|Any CPU
		{5B278AA1-F70D-44DF-8C38-9680A68E6378}.Debug|Any CPU.ActiveCfg = Debug|Any CPU
		{5B278AA1-F70D-44DF-8C38-9680A68E6378}.Debug|Any CPU.Build.0 = Debug|Any CPU
		{5B278AA1-F70D-44DF-8C38-9680A68E6378}.Release|Any CPU.ActiveCfg = Release|Any CPU
		{5B278AA1-F70D-44DF-8C38-9680A68E6378}.Release|Any CPU.Build.0 = Release|Any CPU
	EndGlobalSection
	GlobalSection(SolutionProperties) = preSolution
		HideSolutionNode = FALSE
	EndGlobalSection
	GlobalSection(ExtensibilityGlobals) = postSolution
		SolutionGuid = {8595791F-095C-4DF4-A97B-8E213D4A4C1D}
	EndGlobalSection
EndGlobal
