
Microsoft Visual Studio Solution File, Format Version 12.00
# Visual Studio 15
VisualStudioVersion = 15.0.27130.2010
MinimumVisualStudioVersion = 10.0.40219.1
Project("{FAE04EC0-301F-11D3-BF4B-00C04F79EFBC}") = "BlackJack", "BlackJack\BlackJack.csproj", "{0A289A35-70E5-4525-A6B8-81ABA07741DD}"
EndProject
Project("{FAE04EC0-301F-11D3-BF4B-00C04F79EFBC}") = "BLL", "BLL\BLL.csproj", "{73875F87-8139-474D-AE69-0A81292B5F22}"
EndProject
Project("{FAE04EC0-301F-11D3-BF4B-00C04F79EFBC}") = "Data", "Data\Data.csproj", "{6AF439B0-D5C2-49AC-A367-779B395F2C0F}"
EndProject
Global
	GlobalSection(SolutionConfigurationPlatforms) = preSolution
		Debug|Any CPU = Debug|Any CPU
		Release|Any CPU = Release|Any CPU
	EndGlobalSection
	GlobalSection(ProjectConfigurationPlatforms) = postSolution
		{0A289A35-70E5-4525-A6B8-81ABA07741DD}.Debug|Any CPU.ActiveCfg = Debug|Any CPU
		{0A289A35-70E5-4525-A6B8-81ABA07741DD}.Debug|Any CPU.Build.0 = Debug|Any CPU
		{0A289A35-70E5-4525-A6B8-81ABA07741DD}.Release|Any CPU.ActiveCfg = Release|Any CPU
		{0A289A35-70E5-4525-A6B8-81ABA07741DD}.Release|Any CPU.Build.0 = Release|Any CPU
		{73875F87-8139-474D-AE69-0A81292B5F22}.Debug|Any CPU.ActiveCfg = Debug|Any CPU
		{73875F87-8139-474D-AE69-0A81292B5F22}.Debug|Any CPU.Build.0 = Debug|Any CPU
		{73875F87-8139-474D-AE69-0A81292B5F22}.Release|Any CPU.ActiveCfg = Release|Any CPU
		{73875F87-8139-474D-AE69-0A81292B5F22}.Release|Any CPU.Build.0 = Release|Any CPU
		{6AF439B0-D5C2-49AC-A367-779B395F2C0F}.Debug|Any CPU.ActiveCfg = Debug|Any CPU
		{6AF439B0-D5C2-49AC-A367-779B395F2C0F}.Debug|Any CPU.Build.0 = Debug|Any CPU
		{6AF439B0-D5C2-49AC-A367-779B395F2C0F}.Release|Any CPU.ActiveCfg = Release|Any CPU
		{6AF439B0-D5C2-49AC-A367-779B395F2C0F}.Release|Any CPU.Build.0 = Release|Any CPU
	EndGlobalSection
	GlobalSection(SolutionProperties) = preSolution
		HideSolutionNode = FALSE
	EndGlobalSection
	GlobalSection(ExtensibilityGlobals) = postSolution
		SolutionGuid = {C686CD2F-5EA4-4746-AAE6-E5002B52DBE4}
	EndGlobalSection
EndGlobal
