
Microsoft Visual Studio Solution File, Format Version 12.00
# Visual Studio 15
VisualStudioVersion = 15.0.26730.8
MinimumVisualStudioVersion = 10.0.40219.1
Project("{FAE04EC0-301F-11D3-BF4B-00C04F79EFBC}") = "FlooringMastery.UI", "FlooringMastery.UI\FlooringMastery.UI.csproj", "{CFCF795D-B9D5-4808-9F52-9811B866EB51}"
EndProject
Project("{FAE04EC0-301F-11D3-BF4B-00C04F79EFBC}") = "FlooringMastery.Models", "FlooringMastery.Models\FlooringMastery.Models.csproj", "{7D9064F0-00C1-4854-A1E2-A49F34EC4DF9}"
EndProject
Project("{FAE04EC0-301F-11D3-BF4B-00C04F79EFBC}") = "FlooringMastery.BLL", "FlooringMastery.BLL\FlooringMastery.BLL.csproj", "{241B719E-49E2-4F4D-96AF-550B7AECE899}"
EndProject
Project("{FAE04EC0-301F-11D3-BF4B-00C04F79EFBC}") = "FlooringMastery.Data", "FlooringMastery.Data\FlooringMastery.Data.csproj", "{FB78233E-2A72-4745-9F4D-94F397697900}"
EndProject
Project("{FAE04EC0-301F-11D3-BF4B-00C04F79EFBC}") = "FlooringMastery.Tests", "FlooringMastery.Tests\FlooringMastery.Tests.csproj", "{422459AD-59E1-4AF8-8121-F8E590198342}"
EndProject
Global
	GlobalSection(SolutionConfigurationPlatforms) = preSolution
		Debug|Any CPU = Debug|Any CPU
		Release|Any CPU = Release|Any CPU
	EndGlobalSection
	GlobalSection(ProjectConfigurationPlatforms) = postSolution
		{CFCF795D-B9D5-4808-9F52-9811B866EB51}.Debug|Any CPU.ActiveCfg = Debug|Any CPU
		{CFCF795D-B9D5-4808-9F52-9811B866EB51}.Debug|Any CPU.Build.0 = Debug|Any CPU
		{CFCF795D-B9D5-4808-9F52-9811B866EB51}.Release|Any CPU.ActiveCfg = Release|Any CPU
		{CFCF795D-B9D5-4808-9F52-9811B866EB51}.Release|Any CPU.Build.0 = Release|Any CPU
		{7D9064F0-00C1-4854-A1E2-A49F34EC4DF9}.Debug|Any CPU.ActiveCfg = Debug|Any CPU
		{7D9064F0-00C1-4854-A1E2-A49F34EC4DF9}.Debug|Any CPU.Build.0 = Debug|Any CPU
		{7D9064F0-00C1-4854-A1E2-A49F34EC4DF9}.Release|Any CPU.ActiveCfg = Release|Any CPU
		{7D9064F0-00C1-4854-A1E2-A49F34EC4DF9}.Release|Any CPU.Build.0 = Release|Any CPU
		{241B719E-49E2-4F4D-96AF-550B7AECE899}.Debug|Any CPU.ActiveCfg = Debug|Any CPU
		{241B719E-49E2-4F4D-96AF-550B7AECE899}.Debug|Any CPU.Build.0 = Debug|Any CPU
		{241B719E-49E2-4F4D-96AF-550B7AECE899}.Release|Any CPU.ActiveCfg = Release|Any CPU
		{241B719E-49E2-4F4D-96AF-550B7AECE899}.Release|Any CPU.Build.0 = Release|Any CPU
		{FB78233E-2A72-4745-9F4D-94F397697900}.Debug|Any CPU.ActiveCfg = Debug|Any CPU
		{FB78233E-2A72-4745-9F4D-94F397697900}.Debug|Any CPU.Build.0 = Debug|Any CPU
		{FB78233E-2A72-4745-9F4D-94F397697900}.Release|Any CPU.ActiveCfg = Release|Any CPU
		{FB78233E-2A72-4745-9F4D-94F397697900}.Release|Any CPU.Build.0 = Release|Any CPU
		{422459AD-59E1-4AF8-8121-F8E590198342}.Debug|Any CPU.ActiveCfg = Debug|Any CPU
		{422459AD-59E1-4AF8-8121-F8E590198342}.Debug|Any CPU.Build.0 = Debug|Any CPU
		{422459AD-59E1-4AF8-8121-F8E590198342}.Release|Any CPU.ActiveCfg = Release|Any CPU
		{422459AD-59E1-4AF8-8121-F8E590198342}.Release|Any CPU.Build.0 = Release|Any CPU
	EndGlobalSection
	GlobalSection(SolutionProperties) = preSolution
		HideSolutionNode = FALSE
	EndGlobalSection
	GlobalSection(ExtensibilityGlobals) = postSolution
		SolutionGuid = {464A0BE7-E17B-48EF-9F6C-B5BF514FA444}
	EndGlobalSection
EndGlobal
